
Microsoft Visual Studio Solution File, Format Version 12.00
# Visual Studio 15
VisualStudioVersion = 15.0.27130.2036
MinimumVisualStudioVersion = 10.0.40219.1
Project("{FAE04EC0-301F-11D3-BF4B-00C04F79EFBC}") = "MyChat.Contracts", "MyChat.Contracts\MyChat.Contracts.csproj", "{C347C330-CA07-4CA4-AAC6-622987DF127C}"
EndProject
Project("{FAE04EC0-301F-11D3-BF4B-00C04F79EFBC}") = "MyChat.Service", "MyChat.Service\MyChat.Service.csproj", "{C8548EEE-2645-4ABF-9697-FE80D91C93B9}"
EndProject
Global
	GlobalSection(SolutionConfigurationPlatforms) = preSolution
		Debug|Any CPU = Debug|Any CPU
		Release|Any CPU = Release|Any CPU
	EndGlobalSection
	GlobalSection(ProjectConfigurationPlatforms) = postSolution
		{C347C330-CA07-4CA4-AAC6-622987DF127C}.Debug|Any CPU.ActiveCfg = Debug|Any CPU
		{C347C330-CA07-4CA4-AAC6-622987DF127C}.Debug|Any CPU.Build.0 = Debug|Any CPU
		{C347C330-CA07-4CA4-AAC6-622987DF127C}.Release|Any CPU.ActiveCfg = Release|Any CPU
		{C347C330-CA07-4CA4-AAC6-622987DF127C}.Release|Any CPU.Build.0 = Release|Any CPU
		{C8548EEE-2645-4ABF-9697-FE80D91C93B9}.Debug|Any CPU.ActiveCfg = Debug|Any CPU
		{C8548EEE-2645-4ABF-9697-FE80D91C93B9}.Debug|Any CPU.Build.0 = Debug|Any CPU
		{C8548EEE-2645-4ABF-9697-FE80D91C93B9}.Release|Any CPU.ActiveCfg = Release|Any CPU
		{C8548EEE-2645-4ABF-9697-FE80D91C93B9}.Release|Any CPU.Build.0 = Release|Any CPU
	EndGlobalSection
	GlobalSection(SolutionProperties) = preSolution
		HideSolutionNode = FALSE
	EndGlobalSection
	GlobalSection(ExtensibilityGlobals) = postSolution
		SolutionGuid = {156CB87B-A676-46BC-9A9C-F1D3460FE170}
	EndGlobalSection
EndGlobal
